
Microsoft Visual Studio Solution File, Format Version 12.00
# Visual Studio Version 17
VisualStudioVersion = 17.13.35806.99 d17.13
MinimumVisualStudioVersion = 10.0.40219.1
Project("{FAE04EC0-301F-11D3-BF4B-00C04F79EFBC}") = "TravelReservation", "TravelReservation.csproj", "{8F59D3C0-C040-4CE7-B470-4C42703537DE}"
EndProject
Project("{FAE04EC0-301F-11D3-BF4B-00C04F79EFBC}") = "Entity_layer", "..\Entity_layer\Entity_layer.csproj", "{BDA7A74E-2053-4E95-A814-163536377B5F}"
EndProject
Project("{FAE04EC0-301F-11D3-BF4B-00C04F79EFBC}") = "DataAccess_layer", "..\DataAccess_layer\DataAccess_layer.csproj", "{F4A9F05A-D4D8-428A-AFD8-79B67668F230}"
EndProject
Project("{FAE04EC0-301F-11D3-BF4B-00C04F79EFBC}") = "Business_layer", "..\Business_layer\Business_layer.csproj", "{2BD9CD5E-88D1-454F-A59C-143F8ECD0519}"
EndProject
Global
	GlobalSection(SolutionConfigurationPlatforms) = preSolution
		Debug|Any CPU = Debug|Any CPU
		Release|Any CPU = Release|Any CPU
	EndGlobalSection
	GlobalSection(ProjectConfigurationPlatforms) = postSolution
		{8F59D3C0-C040-4CE7-B470-4C42703537DE}.Debug|Any CPU.ActiveCfg = Debug|Any CPU
		{8F59D3C0-C040-4CE7-B470-4C42703537DE}.Debug|Any CPU.Build.0 = Debug|Any CPU
		{8F59D3C0-C040-4CE7-B470-4C42703537DE}.Release|Any CPU.ActiveCfg = Release|Any CPU
		{8F59D3C0-C040-4CE7-B470-4C42703537DE}.Release|Any CPU.Build.0 = Release|Any CPU
		{BDA7A74E-2053-4E95-A814-163536377B5F}.Debug|Any CPU.ActiveCfg = Debug|Any CPU
		{BDA7A74E-2053-4E95-A814-163536377B5F}.Debug|Any CPU.Build.0 = Debug|Any CPU
		{BDA7A74E-2053-4E95-A814-163536377B5F}.Release|Any CPU.ActiveCfg = Release|Any CPU
		{BDA7A74E-2053-4E95-A814-163536377B5F}.Release|Any CPU.Build.0 = Release|Any CPU
		{F4A9F05A-D4D8-428A-AFD8-79B67668F230}.Debug|Any CPU.ActiveCfg = Debug|Any CPU
		{F4A9F05A-D4D8-428A-AFD8-79B67668F230}.Debug|Any CPU.Build.0 = Debug|Any CPU
		{F4A9F05A-D4D8-428A-AFD8-79B67668F230}.Release|Any CPU.ActiveCfg = Release|Any CPU
		{F4A9F05A-D4D8-428A-AFD8-79B67668F230}.Release|Any CPU.Build.0 = Release|Any CPU
		{2BD9CD5E-88D1-454F-A59C-143F8ECD0519}.Debug|Any CPU.ActiveCfg = Debug|Any CPU
		{2BD9CD5E-88D1-454F-A59C-143F8ECD0519}.Debug|Any CPU.Build.0 = Debug|Any CPU
		{2BD9CD5E-88D1-454F-A59C-143F8ECD0519}.Release|Any CPU.ActiveCfg = Release|Any CPU
		{2BD9CD5E-88D1-454F-A59C-143F8ECD0519}.Release|Any CPU.Build.0 = Release|Any CPU
	EndGlobalSection
	GlobalSection(SolutionProperties) = preSolution
		HideSolutionNode = FALSE
	EndGlobalSection
	GlobalSection(ExtensibilityGlobals) = postSolution
		SolutionGuid = {26707B66-FB71-48D8-8F86-F2057AB5830F}
	EndGlobalSection
EndGlobal
